
Microsoft Visual Studio Solution File, Format Version 12.00
# Visual Studio Version 16
VisualStudioVersion = 16.0.30524.135
MinimumVisualStudioVersion = 10.0.40219.1
Project("{2150E333-8FDC-42A3-9474-1A3956D46DE8}") = "Domain", "Domain", "{3F08ADFB-AFF4-4A55-BC8D-B55124F53C24}"
EndProject
Project("{2150E333-8FDC-42A3-9474-1A3956D46DE8}") = "UI", "UI", "{AD365F8C-E384-43F8-8FD5-D1ED0412979F}"
EndProject
Project("{2150E333-8FDC-42A3-9474-1A3956D46DE8}") = "Tests", "Tests", "{76E0C0D7-0E5C-496C-BADA-7ADCC8DDDABC}"
EndProject
Project("{2150E333-8FDC-42A3-9474-1A3956D46DE8}") = "DA", "DA", "{1388986D-5829-4534-A53F-3E0BAD5C2837}"
EndProject
Project("{9A19103F-16F7-4668-BE54-9A1E7A4F7556}") = "BookOrganizer2.Domain", "BookOrganizer2.Domain\BookOrganizer2.Domain.csproj", "{A9DD77D7-E88E-4E1E-9C27-DD300B143362}"
EndProject
Project("{2150E333-8FDC-42A3-9474-1A3956D46DE8}") = "Domain", "Domain", "{F1ECA72D-6071-4E12-B7EE-E3469E295645}"
EndProject
Project("{9A19103F-16F7-4668-BE54-9A1E7A4F7556}") = "BookOrganizer2.DomainTests", "BookOrganizer2.DomainTests\BookOrganizer2.DomainTests.csproj", "{2FA5A00D-C3ED-44D1-BF9E-2848758EFDAD}"
EndProject
Project("{9A19103F-16F7-4668-BE54-9A1E7A4F7556}") = "BookOrganizer2.UI.TestConsole", "BookOrganizer2.UI.TestConsole\BookOrganizer2.UI.TestConsole.csproj", "{207FF759-BCCB-4152-9603-0C7BED0334CA}"
EndProject
Project("{9A19103F-16F7-4668-BE54-9A1E7A4F7556}") = "BookOrganizer2.DA.SqlServer", "BookOrganizer2.DA.SqlServer\BookOrganizer2.DA.SqlServer.csproj", "{D91DE709-7BFF-4C08-AE3A-B822BBEF8289}"
EndProject
Project("{9A19103F-16F7-4668-BE54-9A1E7A4F7556}") = "BookOrganizer2.DA.Repositories", "BookOrganizer2.DA.Repositories\BookOrganizer2.DA.Repositories.csproj", "{16A222F7-FCAA-44A6-B494-FB74094728F8}"
EndProject
Project("{2150E333-8FDC-42A3-9474-1A3956D46DE8}") = "Integration", "Integration", "{7DEC0CC5-92CA-4456-9075-2AC545F33D47}"
EndProject
Project("{9A19103F-16F7-4668-BE54-9A1E7A4F7556}") = "BookOrganizer2.IntegrationTests", "BookOrganizer2.IntegrationTests\BookOrganizer2.IntegrationTests.csproj", "{155EC68F-713A-4E18-AA4D-DF15D5F842AD}"
EndProject
Project("{9A19103F-16F7-4668-BE54-9A1E7A4F7556}") = "BookOrganizer2.UI.Wpf", "BookOrganizer2.UI.Wpf\BookOrganizer2.UI.Wpf.csproj", "{84C9BBD6-68BA-4BCC-B0CA-7A40FE071EA2}"
EndProject
Project("{9A19103F-16F7-4668-BE54-9A1E7A4F7556}") = "BookOrganizer2.UI.BOThemes", "BookOrganizer2.UI.BOThemes\BookOrganizer2.UI.BOThemes.csproj", "{87ED31C1-AB85-4102-84A1-36EC1469FE15}"
EndProject
Project("{2150E333-8FDC-42A3-9474-1A3956D46DE8}") = "Solution Items", "Solution Items", "{D8D6BAF0-22E5-4951-BDBC-9C5CDA8552CF}"
	ProjectSection(SolutionItems) = preProject
		.gitignore = .gitignore
		LICENSE.txt = LICENSE.txt
		README.md = README.md
	EndProjectSection
EndProject
Global
	GlobalSection(SolutionConfigurationPlatforms) = preSolution
		Debug|Any CPU = Debug|Any CPU
		Release|Any CPU = Release|Any CPU
	EndGlobalSection
	GlobalSection(ProjectConfigurationPlatforms) = postSolution
		{A9DD77D7-E88E-4E1E-9C27-DD300B143362}.Debug|Any CPU.ActiveCfg = Debug|Any CPU
		{A9DD77D7-E88E-4E1E-9C27-DD300B143362}.Debug|Any CPU.Build.0 = Debug|Any CPU
		{A9DD77D7-E88E-4E1E-9C27-DD300B143362}.Release|Any CPU.ActiveCfg = Release|Any CPU
		{A9DD77D7-E88E-4E1E-9C27-DD300B143362}.Release|Any CPU.Build.0 = Release|Any CPU
		{2FA5A00D-C3ED-44D1-BF9E-2848758EFDAD}.Debug|Any CPU.ActiveCfg = Debug|Any CPU
		{2FA5A00D-C3ED-44D1-BF9E-2848758EFDAD}.Debug|Any CPU.Build.0 = Debug|Any CPU
		{2FA5A00D-C3ED-44D1-BF9E-2848758EFDAD}.Release|Any CPU.ActiveCfg = Release|Any CPU
		{2FA5A00D-C3ED-44D1-BF9E-2848758EFDAD}.Release|Any CPU.Build.0 = Release|Any CPU
		{207FF759-BCCB-4152-9603-0C7BED0334CA}.Debug|Any CPU.ActiveCfg = Debug|Any CPU
		{207FF759-BCCB-4152-9603-0C7BED0334CA}.Debug|Any CPU.Build.0 = Debug|Any CPU
		{207FF759-BCCB-4152-9603-0C7BED0334CA}.Release|Any CPU.ActiveCfg = Release|Any CPU
		{207FF759-BCCB-4152-9603-0C7BED0334CA}.Release|Any CPU.Build.0 = Release|Any CPU
		{D91DE709-7BFF-4C08-AE3A-B822BBEF8289}.Debug|Any CPU.ActiveCfg = Debug|Any CPU
		{D91DE709-7BFF-4C08-AE3A-B822BBEF8289}.Debug|Any CPU.Build.0 = Debug|Any CPU
		{D91DE709-7BFF-4C08-AE3A-B822BBEF8289}.Release|Any CPU.ActiveCfg = Release|Any CPU
		{D91DE709-7BFF-4C08-AE3A-B822BBEF8289}.Release|Any CPU.Build.0 = Release|Any CPU
		{16A222F7-FCAA-44A6-B494-FB74094728F8}.Debug|Any CPU.ActiveCfg = Debug|Any CPU
		{16A222F7-FCAA-44A6-B494-FB74094728F8}.Debug|Any CPU.Build.0 = Debug|Any CPU
		{16A222F7-FCAA-44A6-B494-FB74094728F8}.Release|Any CPU.ActiveCfg = Release|Any CPU
		{16A222F7-FCAA-44A6-B494-FB74094728F8}.Release|Any CPU.Build.0 = Release|Any CPU
		{155EC68F-713A-4E18-AA4D-DF15D5F842AD}.Debug|Any CPU.ActiveCfg = Debug|Any CPU
		{155EC68F-713A-4E18-AA4D-DF15D5F842AD}.Debug|Any CPU.Build.0 = Debug|Any CPU
		{155EC68F-713A-4E18-AA4D-DF15D5F842AD}.Release|Any CPU.ActiveCfg = Release|Any CPU
		{155EC68F-713A-4E18-AA4D-DF15D5F842AD}.Release|Any CPU.Build.0 = Release|Any CPU
		{84C9BBD6-68BA-4BCC-B0CA-7A40FE071EA2}.Debug|Any CPU.ActiveCfg = Debug|Any CPU
		{84C9BBD6-68BA-4BCC-B0CA-7A40FE071EA2}.Debug|Any CPU.Build.0 = Debug|Any CPU
		{84C9BBD6-68BA-4BCC-B0CA-7A40FE071EA2}.Release|Any CPU.ActiveCfg = Release|Any CPU
		{84C9BBD6-68BA-4BCC-B0CA-7A40FE071EA2}.Release|Any CPU.Build.0 = Release|Any CPU
		{87ED31C1-AB85-4102-84A1-36EC1469FE15}.Debug|Any CPU.ActiveCfg = Debug|Any CPU
		{87ED31C1-AB85-4102-84A1-36EC1469FE15}.Debug|Any CPU.Build.0 = Debug|Any CPU
		{87ED31C1-AB85-4102-84A1-36EC1469FE15}.Release|Any CPU.ActiveCfg = Release|Any CPU
		{87ED31C1-AB85-4102-84A1-36EC1469FE15}.Release|Any CPU.Build.0 = Release|Any CPU
	EndGlobalSection
	GlobalSection(SolutionProperties) = preSolution
		HideSolutionNode = FALSE
	EndGlobalSection
	GlobalSection(NestedProjects) = preSolution
		{A9DD77D7-E88E-4E1E-9C27-DD300B143362} = {3F08ADFB-AFF4-4A55-BC8D-B55124F53C24}
		{F1ECA72D-6071-4E12-B7EE-E3469E295645} = {76E0C0D7-0E5C-496C-BADA-7ADCC8DDDABC}
		{2FA5A00D-C3ED-44D1-BF9E-2848758EFDAD} = {F1ECA72D-6071-4E12-B7EE-E3469E295645}
		{207FF759-BCCB-4152-9603-0C7BED0334CA} = {AD365F8C-E384-43F8-8FD5-D1ED0412979F}
		{D91DE709-7BFF-4C08-AE3A-B822BBEF8289} = {1388986D-5829-4534-A53F-3E0BAD5C2837}
		{16A222F7-FCAA-44A6-B494-FB74094728F8} = {1388986D-5829-4534-A53F-3E0BAD5C2837}
		{7DEC0CC5-92CA-4456-9075-2AC545F33D47} = {76E0C0D7-0E5C-496C-BADA-7ADCC8DDDABC}
		{155EC68F-713A-4E18-AA4D-DF15D5F842AD} = {7DEC0CC5-92CA-4456-9075-2AC545F33D47}
		{84C9BBD6-68BA-4BCC-B0CA-7A40FE071EA2} = {AD365F8C-E384-43F8-8FD5-D1ED0412979F}
		{87ED31C1-AB85-4102-84A1-36EC1469FE15} = {AD365F8C-E384-43F8-8FD5-D1ED0412979F}
	EndGlobalSection
	GlobalSection(ExtensibilityGlobals) = postSolution
		SolutionGuid = {B358AEBA-6F19-4A90-B731-13A00577A035}
	EndGlobalSection
EndGlobal
